
Microsoft Visual Studio Solution File, Format Version 12.00
# Visual Studio Version 17
VisualStudioVersion = 17.7.34031.279
MinimumVisualStudioVersion = 10.0.40219.1
Project("{9A19103F-16F7-4668-BE54-9A1E7A4F7556}") = "QuizAppBlazor.Server", "QuizAppBlazor\Server\QuizAppBlazor.Server.csproj", "{BB314CB4-9479-4E3C-99D6-5482206F5E9E}"
EndProject
Project("{9A19103F-16F7-4668-BE54-9A1E7A4F7556}") = "QuizAppBlazor.Client", "QuizAppBlazor\Client\QuizAppBlazor.Client.csproj", "{B8BA8C3A-6A0E-496D-8B77-89980A17BCC6}"
EndProject
Project("{9A19103F-16F7-4668-BE54-9A1E7A4F7556}") = "QuizAppBlazor.Shared", "QuizAppBlazor\Shared\QuizAppBlazor.Shared.csproj", "{6BC3C9DB-0507-4F30-B8FD-2ED716F68668}"
EndProject
Global
	GlobalSection(SolutionConfigurationPlatforms) = preSolution
		Debug|Any CPU = Debug|Any CPU
		Release|Any CPU = Release|Any CPU
	EndGlobalSection
	GlobalSection(ProjectConfigurationPlatforms) = postSolution
		{BB314CB4-9479-4E3C-99D6-5482206F5E9E}.Debug|Any CPU.ActiveCfg = Debug|Any CPU
		{BB314CB4-9479-4E3C-99D6-5482206F5E9E}.Debug|Any CPU.Build.0 = Debug|Any CPU
		{BB314CB4-9479-4E3C-99D6-5482206F5E9E}.Release|Any CPU.ActiveCfg = Release|Any CPU
		{BB314CB4-9479-4E3C-99D6-5482206F5E9E}.Release|Any CPU.Build.0 = Release|Any CPU
		{B8BA8C3A-6A0E-496D-8B77-89980A17BCC6}.Debug|Any CPU.ActiveCfg = Debug|Any CPU
		{B8BA8C3A-6A0E-496D-8B77-89980A17BCC6}.Debug|Any CPU.Build.0 = Debug|Any CPU
		{B8BA8C3A-6A0E-496D-8B77-89980A17BCC6}.Release|Any CPU.ActiveCfg = Release|Any CPU
		{B8BA8C3A-6A0E-496D-8B77-89980A17BCC6}.Release|Any CPU.Build.0 = Release|Any CPU
		{6BC3C9DB-0507-4F30-B8FD-2ED716F68668}.Debug|Any CPU.ActiveCfg = Debug|Any CPU
		{6BC3C9DB-0507-4F30-B8FD-2ED716F68668}.Debug|Any CPU.Build.0 = Debug|Any CPU
		{6BC3C9DB-0507-4F30-B8FD-2ED716F68668}.Release|Any CPU.ActiveCfg = Release|Any CPU
		{6BC3C9DB-0507-4F30-B8FD-2ED716F68668}.Release|Any CPU.Build.0 = Release|Any CPU
	EndGlobalSection
	GlobalSection(SolutionProperties) = preSolution
		HideSolutionNode = FALSE
	EndGlobalSection
	GlobalSection(ExtensibilityGlobals) = postSolution
		SolutionGuid = {4CCC1CEC-001E-4256-8574-38B5AACA97E7}
	EndGlobalSection
EndGlobal
